
Microsoft Visual Studio Solution File, Format Version 12.00
# Visual Studio 15
VisualStudioVersion = 15.0.27703.2026
MinimumVisualStudioVersion = 10.0.40219.1
Project("{FAE04EC0-301F-11D3-BF4B-00C04F79EFBC}") = "ORMCompare", "ORMCompare\ORMCompare.csproj", "{230DE4DB-D1E7-4E1C-8D71-70CC02253E75}"
EndProject
Project("{FAE04EC0-301F-11D3-BF4B-00C04F79EFBC}") = "ORM.EntityFramework", "ORM.EntityFramework\ORM.EntityFramework.csproj", "{DFE37913-6D5B-4227-99F0-4F8F646204D6}"
EndProject
Project("{FAE04EC0-301F-11D3-BF4B-00C04F79EFBC}") = "ORMSettings", "ORMSettings\ORMSettings.csproj", "{EA8DF939-9578-4E85-8944-C1F313126B3A}"
EndProject
Project("{FAE04EC0-301F-11D3-BF4B-00C04F79EFBC}") = "ADOSqlClient", "ADOSqlClient\ADOSqlClient.csproj", "{1E085230-BAA3-4343-97B9-3B078ADF26E2}"
EndProject
Project("{FAE04EC0-301F-11D3-BF4B-00C04F79EFBC}") = "ORM.Drapper", "ORM.Drapper\ORM.Drapper.csproj", "{239C340E-9BDF-4523-A386-06BE4B236DEA}"
EndProject
Project("{FAE04EC0-301F-11D3-BF4B-00C04F79EFBC}") = "ORM.PetaPoco", "ORM.PetaPoco\ORM.PetaPoco.csproj", "{8BC6C92D-E882-4F86-A4E8-18C3B788E09B}"
EndProject
Global
	GlobalSection(SolutionConfigurationPlatforms) = preSolution
		Debug|Any CPU = Debug|Any CPU
		Release|Any CPU = Release|Any CPU
	EndGlobalSection
	GlobalSection(ProjectConfigurationPlatforms) = postSolution
		{230DE4DB-D1E7-4E1C-8D71-70CC02253E75}.Debug|Any CPU.ActiveCfg = Debug|Any CPU
		{230DE4DB-D1E7-4E1C-8D71-70CC02253E75}.Debug|Any CPU.Build.0 = Debug|Any CPU
		{230DE4DB-D1E7-4E1C-8D71-70CC02253E75}.Release|Any CPU.ActiveCfg = Release|Any CPU
		{230DE4DB-D1E7-4E1C-8D71-70CC02253E75}.Release|Any CPU.Build.0 = Release|Any CPU
		{DFE37913-6D5B-4227-99F0-4F8F646204D6}.Debug|Any CPU.ActiveCfg = Debug|Any CPU
		{DFE37913-6D5B-4227-99F0-4F8F646204D6}.Debug|Any CPU.Build.0 = Debug|Any CPU
		{DFE37913-6D5B-4227-99F0-4F8F646204D6}.Release|Any CPU.ActiveCfg = Release|Any CPU
		{DFE37913-6D5B-4227-99F0-4F8F646204D6}.Release|Any CPU.Build.0 = Release|Any CPU
		{EA8DF939-9578-4E85-8944-C1F313126B3A}.Debug|Any CPU.ActiveCfg = Debug|Any CPU
		{EA8DF939-9578-4E85-8944-C1F313126B3A}.Debug|Any CPU.Build.0 = Debug|Any CPU
		{EA8DF939-9578-4E85-8944-C1F313126B3A}.Release|Any CPU.ActiveCfg = Release|Any CPU
		{EA8DF939-9578-4E85-8944-C1F313126B3A}.Release|Any CPU.Build.0 = Release|Any CPU
		{1E085230-BAA3-4343-97B9-3B078ADF26E2}.Debug|Any CPU.ActiveCfg = Debug|Any CPU
		{1E085230-BAA3-4343-97B9-3B078ADF26E2}.Debug|Any CPU.Build.0 = Debug|Any CPU
		{1E085230-BAA3-4343-97B9-3B078ADF26E2}.Release|Any CPU.ActiveCfg = Release|Any CPU
		{1E085230-BAA3-4343-97B9-3B078ADF26E2}.Release|Any CPU.Build.0 = Release|Any CPU
		{239C340E-9BDF-4523-A386-06BE4B236DEA}.Debug|Any CPU.ActiveCfg = Debug|Any CPU
		{239C340E-9BDF-4523-A386-06BE4B236DEA}.Debug|Any CPU.Build.0 = Debug|Any CPU
		{239C340E-9BDF-4523-A386-06BE4B236DEA}.Release|Any CPU.ActiveCfg = Release|Any CPU
		{239C340E-9BDF-4523-A386-06BE4B236DEA}.Release|Any CPU.Build.0 = Release|Any CPU
		{8BC6C92D-E882-4F86-A4E8-18C3B788E09B}.Debug|Any CPU.ActiveCfg = Debug|Any CPU
		{8BC6C92D-E882-4F86-A4E8-18C3B788E09B}.Debug|Any CPU.Build.0 = Debug|Any CPU
		{8BC6C92D-E882-4F86-A4E8-18C3B788E09B}.Release|Any CPU.ActiveCfg = Release|Any CPU
		{8BC6C92D-E882-4F86-A4E8-18C3B788E09B}.Release|Any CPU.Build.0 = Release|Any CPU
	EndGlobalSection
	GlobalSection(SolutionProperties) = preSolution
		HideSolutionNode = FALSE
	EndGlobalSection
	GlobalSection(ExtensibilityGlobals) = postSolution
		SolutionGuid = {EC6BA1AD-2346-4D69-A7D2-014FD7B5A734}
	EndGlobalSection
EndGlobal
